// !$*UTF8*$!
{
	archiveVersion = 1;
	classes = {
	};
	objectVersion = 46;
	objects = {

/* Begin PBXBuildFile section */
		DC0D53F9180C1257004193E2 /* Foundation.framework in Frameworks */ = {isa = PBXBuildFile; fileRef = DC0D53F8180C1257004193E2 /* Foundation.framework */; };
		DC0D53FB180C1257004193E2 /* CoreGraphics.framework in Frameworks */ = {isa = PBXBuildFile; fileRef = DC0D53FA180C1257004193E2 /* CoreGraphics.framework */; };
		DC0D53FD180C1257004193E2 /* UIKit.framework in Frameworks */ = {isa = PBXBuildFile; fileRef = DC0D53FC180C1257004193E2 /* UIKit.framework */; };
		DC0D5403180C1257004193E2 /* InfoPlist.strings in Resources */ = {isa = PBXBuildFile; fileRef = DC0D5401180C1257004193E2 /* InfoPlist.strings */; };
		DC0D5405180C1257004193E2 /* main.m in Sources */ = {isa = PBXBuildFile; fileRef = DC0D5404180C1257004193E2 /* main.m */; };
		DC0D5409180C1257004193E2 /* DKAAppDelegate.m in Sources */ = {isa = PBXBuildFile; fileRef = DC0D5408180C1257004193E2 /* DKAAppDelegate.m */; };
		DC0D540C180C1257004193E2 /* Main.storyboard in Resources */ = {isa = PBXBuildFile; fileRef = DC0D540A180C1257004193E2 /* Main.storyboard */; };
		DC0D5411180C1257004193E2 /* Images.xcassets in Resources */ = {isa = PBXBuildFile; fileRef = DC0D5410180C1257004193E2 /* Images.xcassets */; };
		DC0D5418180C1257004193E2 /* XCTest.framework in Frameworks */ = {isa = PBXBuildFile; fileRef = DC0D5417180C1257004193E2 /* XCTest.framework */; };
		DC0D5419180C1257004193E2 /* Foundation.framework in Frameworks */ = {isa = PBXBuildFile; fileRef = DC0D53F8180C1257004193E2 /* Foundation.framework */; };
		DC0D541A180C1257004193E2 /* UIKit.framework in Frameworks */ = {isa = PBXBuildFile; fileRef = DC0D53FC180C1257004193E2 /* UIKit.framework */; };
		DC0D5422180C1257004193E2 /* InfoPlist.strings in Resources */ = {isa = PBXBuildFile; fileRef = DC0D5420180C1257004193E2 /* InfoPlist.strings */; };
		DC0D5424180C1257004193E2 /* LookAround_iOS7Tests.m in Sources */ = {isa = PBXBuildFile; fileRef = DC0D5423180C1257004193E2 /* LookAround_iOS7Tests.m */; };
		DC0D5434180D5C5C004193E2 /* DKALocationListVC.m in Sources */ = {isa = PBXBuildFile; fileRef = DC0D5431180D5C5C004193E2 /* DKALocationListVC.m */; };
		DC0D5435180D5C5C004193E2 /* DKASpringyCollectionViewFlowLayout.m in Sources */ = {isa = PBXBuildFile; fileRef = DC0D5433180D5C5C004193E2 /* DKASpringyCollectionViewFlowLayout.m */; };
		DC0D543C180D70E9004193E2 /* DKAHelper.m in Sources */ = {isa = PBXBuildFile; fileRef = DC0D543B180D70E9004193E2 /* DKAHelper.m */; };
		DC19086418322F3900DB0D20 /* StreetViewVCViewController.m in Sources */ = {isa = PBXBuildFile; fileRef = DC19086318322F3900DB0D20 /* StreetViewVCViewController.m */; };
		DC19086618322F5100DB0D20 /* MapKit.framework in Frameworks */ = {isa = PBXBuildFile; fileRef = DC19086518322F5100DB0D20 /* MapKit.framework */; };
		DC19086818322FB800DB0D20 /* CoreImage.framework in Frameworks */ = {isa = PBXBuildFile; fileRef = DC19086718322FB800DB0D20 /* CoreImage.framework */; };
		DC19086A18322FBD00DB0D20 /* CoreVideo.framework in Frameworks */ = {isa = PBXBuildFile; fileRef = DC19086918322FBD00DB0D20 /* CoreVideo.framework */; };
		DC19086C18322FE000DB0D20 /* libz.dylib in Frameworks */ = {isa = PBXBuildFile; fileRef = DC19086B18322FE000DB0D20 /* libz.dylib */; };
		DC19086E1832305F00DB0D20 /* QuartzCore.framework in Frameworks */ = {isa = PBXBuildFile; fileRef = DC19086D1832305F00DB0D20 /* QuartzCore.framework */; };
		DC190870183230DE00DB0D20 /* OpenGLES.framework in Frameworks */ = {isa = PBXBuildFile; fileRef = DC19086F183230DE00DB0D20 /* OpenGLES.framework */; };
		DC1908721832316800DB0D20 /* GoogleMaps.framework in Frameworks */ = {isa = PBXBuildFile; fileRef = DC1908711832316800DB0D20 /* GoogleMaps.framework */; };
		DC1908741832319200DB0D20 /* GoogleMaps.bundle in Resources */ = {isa = PBXBuildFile; fileRef = DC1908731832319100DB0D20 /* GoogleMaps.bundle */; };
		DC190876183231AB00DB0D20 /* AVFoundation.framework in Frameworks */ = {isa = PBXBuildFile; fileRef = DC190875183231AB00DB0D20 /* AVFoundation.framework */; };
		DC190878183231B000DB0D20 /* CoreData.framework in Frameworks */ = {isa = PBXBuildFile; fileRef = DC190877183231B000DB0D20 /* CoreData.framework */; };
		DC19087A183231BF00DB0D20 /* CoreText.framework in Frameworks */ = {isa = PBXBuildFile; fileRef = DC190879183231BF00DB0D20 /* CoreText.framework */; };
		DC19087C183231C600DB0D20 /* GLKit.framework in Frameworks */ = {isa = PBXBuildFile; fileRef = DC19087B183231C600DB0D20 /* GLKit.framework */; };
		DC19087E183231CE00DB0D20 /* ImageIO.framework in Frameworks */ = {isa = PBXBuildFile; fileRef = DC19087D183231CE00DB0D20 /* ImageIO.framework */; };
		DC190880183231D800DB0D20 /* libc++.dylib in Frameworks */ = {isa = PBXBuildFile; fileRef = DC19087F183231D800DB0D20 /* libc++.dylib */; };
		DC190882183231E900DB0D20 /* libicucore.dylib in Frameworks */ = {isa = PBXBuildFile; fileRef = DC190881183231E900DB0D20 /* libicucore.dylib */; };
		DC190884183231FD00DB0D20 /* SystemConfiguration.framework in Frameworks */ = {isa = PBXBuildFile; fileRef = DC190883183231FD00DB0D20 /* SystemConfiguration.framework */; };
		DC1D83F81832079500D22307 /* DKAPlaceVC.m in Sources */ = {isa = PBXBuildFile; fileRef = DC1D83F71832079500D22307 /* DKAPlaceVC.m */; };
		DC39CC08182F94A100EFD523 /* MRBlurView.m in Sources */ = {isa = PBXBuildFile; fileRef = DC39CBF3182F94A100EFD523 /* MRBlurView.m */; };
		DC39CC09182F94A100EFD523 /* UIImage+MRImageEffects.m in Sources */ = {isa = PBXBuildFile; fileRef = DC39CBF5182F94A100EFD523 /* UIImage+MRImageEffects.m */; };
		DC39CC0A182F94A100EFD523 /* MRActivityIndicatorView.m in Sources */ = {isa = PBXBuildFile; fileRef = DC39CBF8182F94A100EFD523 /* MRActivityIndicatorView.m */; };
		DC39CC0B182F94A100EFD523 /* MRCircularProgressView.m in Sources */ = {isa = PBXBuildFile; fileRef = DC39CBFA182F94A100EFD523 /* MRCircularProgressView.m */; };
		DC39CC0C182F94A100EFD523 /* MRIconView.m in Sources */ = {isa = PBXBuildFile; fileRef = DC39CBFC182F94A100EFD523 /* MRIconView.m */; };
		DC39CC0D182F94A100EFD523 /* MRNavigationBarProgressView.m in Sources */ = {isa = PBXBuildFile; fileRef = DC39CBFE182F94A100EFD523 /* MRNavigationBarProgressView.m */; };
		DC39CC0E182F94A100EFD523 /* MRProgressOverlayView.m in Sources */ = {isa = PBXBuildFile; fileRef = DC39CC00182F94A100EFD523 /* MRProgressOverlayView.m */; };
		DC39CC0F182F94A100EFD523 /* MRMessageInterceptor.m in Sources */ = {isa = PBXBuildFile; fileRef = DC39CC04182F94A100EFD523 /* MRMessageInterceptor.m */; };
		DC39CC10182F94A100EFD523 /* MRWeakProxy.m in Sources */ = {isa = PBXBuildFile; fileRef = DC39CC07182F94A100EFD523 /* MRWeakProxy.m */; };
		DC800423180FFEC30024C63C /* DKAFactualHelper.m in Sources */ = {isa = PBXBuildFile; fileRef = DC800422180FFEC30024C63C /* DKAFactualHelper.m */; };
		DC80042718100D570024C63C /* CoreLocation.framework in Frameworks */ = {isa = PBXBuildFile; fileRef = DC80042618100D570024C63C /* CoreLocation.framework */; };
		DC80043F181011920024C63C /* FactualSDK.framework in Frameworks */ = {isa = PBXBuildFile; fileRef = DC80043E181011920024C63C /* FactualSDK.framework */; };
		DC8004421810122C0024C63C /* NSString(Escaping).m in Sources */ = {isa = PBXBuildFile; fileRef = DC8004411810122C0024C63C /* NSString(Escaping).m */; };
		DC8E449F1815502E00B7B71A /* DKANavVC.m in Sources */ = {isa = PBXBuildFile; fileRef = DC8E449E1815502E00B7B71A /* DKANavVC.m */; };
		DC9A7FC0182E33A800EB9E9F /* DKASearchVC.m in Sources */ = {isa = PBXBuildFile; fileRef = DC9A7FBF182E33A800EB9E9F /* DKASearchVC.m */; };
		DC9A7FC3182E6C6A00EB9E9F /* NSDate-Utilities.m in Sources */ = {isa = PBXBuildFile; fileRef = DC9A7FC2182E6C6A00EB9E9F /* NSDate-Utilities.m */; };
		DC9A7FC7182F579500EB9E9F /* DKAHistoryVC.m in Sources */ = {isa = PBXBuildFile; fileRef = DC9A7FC6182F579500EB9E9F /* DKAHistoryVC.m */; };
		DC9A7FCC182F868C00EB9E9F /* DKASettingsVC.m in Sources */ = {isa = PBXBuildFile; fileRef = DC9A7FCB182F868C00EB9E9F /* DKASettingsVC.m */; };
		DCE34C79183B6A4300757702 /* DKAPlaceMenuVC.m in Sources */ = {isa = PBXBuildFile; fileRef = DCE34C78183B6A4300757702 /* DKAPlaceMenuVC.m */; };
		DCE34C80183B6F1000757702 /* LFDisplayBridge.m in Sources */ = {isa = PBXBuildFile; fileRef = DCE34C7C183B6F1000757702 /* LFDisplayBridge.m */; };
		DCE34C81183B6F1000757702 /* LFGlassView.m in Sources */ = {isa = PBXBuildFile; fileRef = DCE34C7E183B6F1000757702 /* LFGlassView.m */; };
		DCE5764F18324A0F003A5F3C /* STImageAnnotationView.m in Sources */ = {isa = PBXBuildFile; fileRef = DCE5764C18324A0F003A5F3C /* STImageAnnotationView.m */; };
		DCE5765018324A0F003A5F3C /* MapAnnotation.m in Sources */ = {isa = PBXBuildFile; fileRef = DCE5764E18324A0F003A5F3C /* MapAnnotation.m */; };
		DCE896FB183B74E000F450FD /* GTCyclePageView.m in Sources */ = {isa = PBXBuildFile; fileRef = DCE896F8183B74E000F450FD /* GTCyclePageView.m */; };
		DCE896FC183B74E000F450FD /* GTCyclePageViewCell.m in Sources */ = {isa = PBXBuildFile; fileRef = DCE896FA183B74E000F450FD /* GTCyclePageViewCell.m */; };
		DCE896FF183B755500F450FD /* DKACyclePageContainerVC.m in Sources */ = {isa = PBXBuildFile; fileRef = DCE896FE183B755500F450FD /* DKACyclePageContainerVC.m */; };
/* End PBXBuildFile section */

/* Begin PBXContainerItemProxy section */
		DC0D541B180C1257004193E2 /* PBXContainerItemProxy */ = {
			isa = PBXContainerItemProxy;
			containerPortal = DC0D53ED180C1257004193E2 /* Project object */;
			proxyType = 1;
			remoteGlobalIDString = DC0D53F4180C1257004193E2;
			remoteInfo = LookAround.iOS7;
		};
/* End PBXContainerItemProxy section */

/* Begin PBXFileReference section */
		DC0D53F5180C1257004193E2 /* LookAround.iOS7.app */ = {isa = PBXFileReference; explicitFileType = wrapper.application; includeInIndex = 0; path = LookAround.iOS7.app; sourceTree = BUILT_PRODUCTS_DIR; };
		DC0D53F8180C1257004193E2 /* Foundation.framework */ = {isa = PBXFileReference; lastKnownFileType = wrapper.framework; name = Foundation.framework; path = System/Library/Frameworks/Foundation.framework; sourceTree = SDKROOT; };
		DC0D53FA180C1257004193E2 /* CoreGraphics.framework */ = {isa = PBXFileReference; lastKnownFileType = wrapper.framework; name = CoreGraphics.framework; path = System/Library/Frameworks/CoreGraphics.framework; sourceTree = SDKROOT; };
		DC0D53FC180C1257004193E2 /* UIKit.framework */ = {isa = PBXFileReference; lastKnownFileType = wrapper.framework; name = UIKit.framework; path = System/Library/Frameworks/UIKit.framework; sourceTree = SDKROOT; };
		DC0D5400180C1257004193E2 /* LookAround.iOS7-Info.plist */ = {isa = PBXFileReference; lastKnownFileType = text.plist.xml; path = "LookAround.iOS7-Info.plist"; sourceTree = "<group>"; };
		DC0D5402180C1257004193E2 /* en */ = {isa = PBXFileReference; lastKnownFileType = text.plist.strings; name = en; path = en.lproj/InfoPlist.strings; sourceTree = "<group>"; };
		DC0D5404180C1257004193E2 /* main.m */ = {isa = PBXFileReference; lastKnownFileType = sourcecode.c.objc; path = main.m; sourceTree = "<group>"; };
		DC0D5406180C1257004193E2 /* LookAround.iOS7-Prefix.pch */ = {isa = PBXFileReference; lastKnownFileType = sourcecode.c.h; path = "LookAround.iOS7-Prefix.pch"; sourceTree = "<group>"; };
		DC0D5407180C1257004193E2 /* DKAAppDelegate.h */ = {isa = PBXFileReference; lastKnownFileType = sourcecode.c.h; path = DKAAppDelegate.h; sourceTree = "<group>"; };
		DC0D5408180C1257004193E2 /* DKAAppDelegate.m */ = {isa = PBXFileReference; lastKnownFileType = sourcecode.c.objc; path = DKAAppDelegate.m; sourceTree = "<group>"; };
		DC0D540B180C1257004193E2 /* Base */ = {isa = PBXFileReference; lastKnownFileType = file.storyboard; name = Base; path = Base.lproj/Main.storyboard; sourceTree = "<group>"; };
		DC0D5410180C1257004193E2 /* Images.xcassets */ = {isa = PBXFileReference; lastKnownFileType = folder.assetcatalog; path = Images.xcassets; sourceTree = "<group>"; };
		DC0D5416180C1257004193E2 /* LookAround.iOS7Tests.xctest */ = {isa = PBXFileReference; explicitFileType = wrapper.cfbundle; includeInIndex = 0; path = LookAround.iOS7Tests.xctest; sourceTree = BUILT_PRODUCTS_DIR; };
		DC0D5417180C1257004193E2 /* XCTest.framework */ = {isa = PBXFileReference; lastKnownFileType = wrapper.framework; name = XCTest.framework; path = Library/Frameworks/XCTest.framework; sourceTree = DEVELOPER_DIR; };
		DC0D541F180C1257004193E2 /* LookAround.iOS7Tests-Info.plist */ = {isa = PBXFileReference; lastKnownFileType = text.plist.xml; path = "LookAround.iOS7Tests-Info.plist"; sourceTree = "<group>"; };
		DC0D5421180C1257004193E2 /* en */ = {isa = PBXFileReference; lastKnownFileType = text.plist.strings; name = en; path = en.lproj/InfoPlist.strings; sourceTree = "<group>"; };
		DC0D5423180C1257004193E2 /* LookAround_iOS7Tests.m */ = {isa = PBXFileReference; lastKnownFileType = sourcecode.c.objc; path = LookAround_iOS7Tests.m; sourceTree = "<group>"; };
		DC0D5430180D5C5C004193E2 /* DKALocationListVC.h */ = {isa = PBXFileReference; fileEncoding = 4; lastKnownFileType = sourcecode.c.h; path = DKALocationListVC.h; sourceTree = "<group>"; };
		DC0D5431180D5C5C004193E2 /* DKALocationListVC.m */ = {isa = PBXFileReference; fileEncoding = 4; lastKnownFileType = sourcecode.c.objc; path = DKALocationListVC.m; sourceTree = "<group>"; };
		DC0D5432180D5C5C004193E2 /* DKASpringyCollectionViewFlowLayout.h */ = {isa = PBXFileReference; fileEncoding = 4; lastKnownFileType = sourcecode.c.h; path = DKASpringyCollectionViewFlowLayout.h; sourceTree = "<group>"; };
		DC0D5433180D5C5C004193E2 /* DKASpringyCollectionViewFlowLayout.m */ = {isa = PBXFileReference; fileEncoding = 4; lastKnownFileType = sourcecode.c.objc; path = DKASpringyCollectionViewFlowLayout.m; sourceTree = "<group>"; };
		DC0D543A180D70E9004193E2 /* DKAHelper.h */ = {isa = PBXFileReference; fileEncoding = 4; lastKnownFileType = sourcecode.c.h; path = DKAHelper.h; sourceTree = "<group>"; };
		DC0D543B180D70E9004193E2 /* DKAHelper.m */ = {isa = PBXFileReference; fileEncoding = 4; lastKnownFileType = sourcecode.c.objc; path = DKAHelper.m; sourceTree = "<group>"; };
		DC19086218322F3900DB0D20 /* StreetViewVCViewController.h */ = {isa = PBXFileReference; fileEncoding = 4; lastKnownFileType = sourcecode.c.h; path = StreetViewVCViewController.h; sourceTree = "<group>"; };
		DC19086318322F3900DB0D20 /* StreetViewVCViewController.m */ = {isa = PBXFileReference; fileEncoding = 4; lastKnownFileType = sourcecode.c.objc; path = StreetViewVCViewController.m; sourceTree = "<group>"; };
		DC19086518322F5100DB0D20 /* MapKit.framework */ = {isa = PBXFileReference; lastKnownFileType = wrapper.framework; name = MapKit.framework; path = System/Library/Frameworks/MapKit.framework; sourceTree = SDKROOT; };
		DC19086718322FB800DB0D20 /* CoreImage.framework */ = {isa = PBXFileReference; lastKnownFileType = wrapper.framework; name = CoreImage.framework; path = System/Library/Frameworks/CoreImage.framework; sourceTree = SDKROOT; };
		DC19086918322FBD00DB0D20 /* CoreVideo.framework */ = {isa = PBXFileReference; lastKnownFileType = wrapper.framework; name = CoreVideo.framework; path = System/Library/Frameworks/CoreVideo.framework; sourceTree = SDKROOT; };
		DC19086B18322FE000DB0D20 /* libz.dylib */ = {isa = PBXFileReference; lastKnownFileType = "compiled.mach-o.dylib"; name = libz.dylib; path = usr/lib/libz.dylib; sourceTree = SDKROOT; };
		DC19086D1832305F00DB0D20 /* QuartzCore.framework */ = {isa = PBXFileReference; lastKnownFileType = wrapper.framework; name = QuartzCore.framework; path = System/Library/Frameworks/QuartzCore.framework; sourceTree = SDKROOT; };
		DC19086F183230DE00DB0D20 /* OpenGLES.framework */ = {isa = PBXFileReference; lastKnownFileType = wrapper.framework; name = OpenGLES.framework; path = System/Library/Frameworks/OpenGLES.framework; sourceTree = SDKROOT; };
		DC1908711832316800DB0D20 /* GoogleMaps.framework */ = {isa = PBXFileReference; lastKnownFileType = wrapper.framework; path = GoogleMaps.framework; sourceTree = "<group>"; };
		DC1908731832319100DB0D20 /* GoogleMaps.bundle */ = {isa = PBXFileReference; lastKnownFileType = "wrapper.plug-in"; name = GoogleMaps.bundle; path = GoogleMaps.framework/Versions/A/Resources/GoogleMaps.bundle; sourceTree = "<group>"; };
		DC190875183231AB00DB0D20 /* AVFoundation.framework */ = {isa = PBXFileReference; lastKnownFileType = wrapper.framework; name = AVFoundation.framework; path = System/Library/Frameworks/AVFoundation.framework; sourceTree = SDKROOT; };
		DC190877183231B000DB0D20 /* CoreData.framework */ = {isa = PBXFileReference; lastKnownFileType = wrapper.framework; name = CoreData.framework; path = System/Library/Frameworks/CoreData.framework; sourceTree = SDKROOT; };
		DC190879183231BF00DB0D20 /* CoreText.framework */ = {isa = PBXFileReference; lastKnownFileType = wrapper.framework; name = CoreText.framework; path = System/Library/Frameworks/CoreText.framework; sourceTree = SDKROOT; };
		DC19087B183231C600DB0D20 /* GLKit.framework */ = {isa = PBXFileReference; lastKnownFileType = wrapper.framework; name = GLKit.framework; path = System/Library/Frameworks/GLKit.framework; sourceTree = SDKROOT; };
		DC19087D183231CE00DB0D20 /* ImageIO.framework */ = {isa = PBXFileReference; lastKnownFileType = wrapper.framework; name = ImageIO.framework; path = System/Library/Frameworks/ImageIO.framework; sourceTree = SDKROOT; };
		DC19087F183231D800DB0D20 /* libc++.dylib */ = {isa = PBXFileReference; lastKnownFileType = "compiled.mach-o.dylib"; name = "libc++.dylib"; path = "usr/lib/libc++.dylib"; sourceTree = SDKROOT; };
		DC190881183231E900DB0D20 /* libicucore.dylib */ = {isa = PBXFileReference; lastKnownFileType = "compiled.mach-o.dylib"; name = libicucore.dylib; path = usr/lib/libicucore.dylib; sourceTree = SDKROOT; };
		DC190883183231FD00DB0D20 /* SystemConfiguration.framework */ = {isa = PBXFileReference; lastKnownFileType = wrapper.framework; name = SystemConfiguration.framework; path = System/Library/Frameworks/SystemConfiguration.framework; sourceTree = SDKROOT; };
		DC1D83F61832079500D22307 /* DKAPlaceVC.h */ = {isa = PBXFileReference; fileEncoding = 4; lastKnownFileType = sourcecode.c.h; path = DKAPlaceVC.h; sourceTree = "<group>"; };
		DC1D83F71832079500D22307 /* DKAPlaceVC.m */ = {isa = PBXFileReference; fileEncoding = 4; lastKnownFileType = sourcecode.c.objc; path = DKAPlaceVC.m; sourceTree = "<group>"; };
		DC39CBF2182F94A100EFD523 /* MRBlurView.h */ = {isa = PBXFileReference; fileEncoding = 4; lastKnownFileType = sourcecode.c.h; path = MRBlurView.h; sourceTree = "<group>"; };
		DC39CBF3182F94A100EFD523 /* MRBlurView.m */ = {isa = PBXFileReference; fileEncoding = 4; lastKnownFileType = sourcecode.c.objc; path = MRBlurView.m; sourceTree = "<group>"; };
		DC39CBF4182F94A100EFD523 /* UIImage+MRImageEffects.h */ = {isa = PBXFileReference; fileEncoding = 4; lastKnownFileType = sourcecode.c.h; path = "UIImage+MRImageEffects.h"; sourceTree = "<group>"; };
		DC39CBF5182F94A100EFD523 /* UIImage+MRImageEffects.m */ = {isa = PBXFileReference; fileEncoding = 4; lastKnownFileType = sourcecode.c.objc; path = "UIImage+MRImageEffects.m"; sourceTree = "<group>"; };
		DC39CBF7182F94A100EFD523 /* MRActivityIndicatorView.h */ = {isa = PBXFileReference; fileEncoding = 4; lastKnownFileType = sourcecode.c.h; path = MRActivityIndicatorView.h; sourceTree = "<group>"; };
		DC39CBF8182F94A100EFD523 /* MRActivityIndicatorView.m */ = {isa = PBXFileReference; fileEncoding = 4; lastKnownFileType = sourcecode.c.objc; path = MRActivityIndicatorView.m; sourceTree = "<group>"; };
		DC39CBF9182F94A100EFD523 /* MRCircularProgressView.h */ = {isa = PBXFileReference; fileEncoding = 4; lastKnownFileType = sourcecode.c.h; path = MRCircularProgressView.h; sourceTree = "<group>"; };
		DC39CBFA182F94A100EFD523 /* MRCircularProgressView.m */ = {isa = PBXFileReference; fileEncoding = 4; lastKnownFileType = sourcecode.c.objc; path = MRCircularProgressView.m; sourceTree = "<group>"; };
		DC39CBFB182F94A100EFD523 /* MRIconView.h */ = {isa = PBXFileReference; fileEncoding = 4; lastKnownFileType = sourcecode.c.h; path = MRIconView.h; sourceTree = "<group>"; };
		DC39CBFC182F94A100EFD523 /* MRIconView.m */ = {isa = PBXFileReference; fileEncoding = 4; lastKnownFileType = sourcecode.c.objc; path = MRIconView.m; sourceTree = "<group>"; };
		DC39CBFD182F94A100EFD523 /* MRNavigationBarProgressView.h */ = {isa = PBXFileReference; fileEncoding = 4; lastKnownFileType = sourcecode.c.h; path = MRNavigationBarProgressView.h; sourceTree = "<group>"; };
		DC39CBFE182F94A100EFD523 /* MRNavigationBarProgressView.m */ = {isa = PBXFileReference; fileEncoding = 4; lastKnownFileType = sourcecode.c.objc; path = MRNavigationBarProgressView.m; sourceTree = "<group>"; };
		DC39CBFF182F94A100EFD523 /* MRProgressOverlayView.h */ = {isa = PBXFileReference; fileEncoding = 4; lastKnownFileType = sourcecode.c.h; path = MRProgressOverlayView.h; sourceTree = "<group>"; };
		DC39CC00182F94A100EFD523 /* MRProgressOverlayView.m */ = {isa = PBXFileReference; fileEncoding = 4; lastKnownFileType = sourcecode.c.objc; path = MRProgressOverlayView.m; sourceTree = "<group>"; };
		DC39CC01182F94A100EFD523 /* MRProgress.h */ = {isa = PBXFileReference; fileEncoding = 4; lastKnownFileType = sourcecode.c.h; path = MRProgress.h; sourceTree = "<group>"; };
		DC39CC03182F94A100EFD523 /* MRMessageInterceptor.h */ = {isa = PBXFileReference; fileEncoding = 4; lastKnownFileType = sourcecode.c.h; path = MRMessageInterceptor.h; sourceTree = "<group>"; };
		DC39CC04182F94A100EFD523 /* MRMessageInterceptor.m */ = {isa = PBXFileReference; fileEncoding = 4; lastKnownFileType = sourcecode.c.objc; path = MRMessageInterceptor.m; sourceTree = "<group>"; };
		DC39CC05182F94A100EFD523 /* MRProgressHelper.h */ = {isa = PBXFileReference; fileEncoding = 4; lastKnownFileType = sourcecode.c.h; path = MRProgressHelper.h; sourceTree = "<group>"; };
		DC39CC06182F94A100EFD523 /* MRWeakProxy.h */ = {isa = PBXFileReference; fileEncoding = 4; lastKnownFileType = sourcecode.c.h; path = MRWeakProxy.h; sourceTree = "<group>"; };
		DC39CC07182F94A100EFD523 /* MRWeakProxy.m */ = {isa = PBXFileReference; fileEncoding = 4; lastKnownFileType = sourcecode.c.objc; path = MRWeakProxy.m; sourceTree = "<group>"; };
		DC800421180FFEC30024C63C /* DKAFactualHelper.h */ = {isa = PBXFileReference; fileEncoding = 4; lastKnownFileType = sourcecode.c.h; path = DKAFactualHelper.h; sourceTree = "<group>"; };
		DC800422180FFEC30024C63C /* DKAFactualHelper.m */ = {isa = PBXFileReference; fileEncoding = 4; lastKnownFileType = sourcecode.c.objc; path = DKAFactualHelper.m; sourceTree = "<group>"; };
		DC80042618100D570024C63C /* CoreLocation.framework */ = {isa = PBXFileReference; lastKnownFileType = wrapper.framework; name = CoreLocation.framework; path = System/Library/Frameworks/CoreLocation.framework; sourceTree = SDKROOT; };
		DC80043E181011920024C63C /* FactualSDK.framework */ = {isa = PBXFileReference; lastKnownFileType = wrapper.framework; path = FactualSDK.framework; sourceTree = "<group>"; };
		DC8004401810122C0024C63C /* NSString(Escaping).h */ = {isa = PBXFileReference; fileEncoding = 4; lastKnownFileType = sourcecode.c.h; path = "NSString(Escaping).h"; sourceTree = "<group>"; };
		DC8004411810122C0024C63C /* NSString(Escaping).m */ = {isa = PBXFileReference; fileEncoding = 4; lastKnownFileType = sourcecode.c.objc; path = "NSString(Escaping).m"; sourceTree = "<group>"; };
		DC8004431810FABD0024C63C /* Defines.h */ = {isa = PBXFileReference; fileEncoding = 4; lastKnownFileType = sourcecode.c.h; path = Defines.h; sourceTree = "<group>"; };
		DC8E449D1815502E00B7B71A /* DKANavVC.h */ = {isa = PBXFileReference; fileEncoding = 4; lastKnownFileType = sourcecode.c.h; path = DKANavVC.h; sourceTree = "<group>"; };
		DC8E449E1815502E00B7B71A /* DKANavVC.m */ = {isa = PBXFileReference; fileEncoding = 4; lastKnownFileType = sourcecode.c.objc; path = DKANavVC.m; sourceTree = "<group>"; };
		DC9A7FBE182E33A800EB9E9F /* DKASearchVC.h */ = {isa = PBXFileReference; fileEncoding = 4; lastKnownFileType = sourcecode.c.h; path = DKASearchVC.h; sourceTree = "<group>"; };
		DC9A7FBF182E33A800EB9E9F /* DKASearchVC.m */ = {isa = PBXFileReference; fileEncoding = 4; lastKnownFileType = sourcecode.c.objc; path = DKASearchVC.m; sourceTree = "<group>"; };
		DC9A7FC1182E6C6A00EB9E9F /* NSDate-Utilities.h */ = {isa = PBXFileReference; fileEncoding = 4; lastKnownFileType = sourcecode.c.h; path = "NSDate-Utilities.h"; sourceTree = "<group>"; };
		DC9A7FC2182E6C6A00EB9E9F /* NSDate-Utilities.m */ = {isa = PBXFileReference; fileEncoding = 4; lastKnownFileType = sourcecode.c.objc; path = "NSDate-Utilities.m"; sourceTree = "<group>"; };
		DC9A7FC5182F579500EB9E9F /* DKAHistoryVC.h */ = {isa = PBXFileReference; fileEncoding = 4; lastKnownFileType = sourcecode.c.h; path = DKAHistoryVC.h; sourceTree = "<group>"; };
		DC9A7FC6182F579500EB9E9F /* DKAHistoryVC.m */ = {isa = PBXFileReference; fileEncoding = 4; lastKnownFileType = sourcecode.c.objc; path = DKAHistoryVC.m; sourceTree = "<group>"; };
		DC9A7FCA182F868C00EB9E9F /* DKASettingsVC.h */ = {isa = PBXFileReference; fileEncoding = 4; lastKnownFileType = sourcecode.c.h; path = DKASettingsVC.h; sourceTree = "<group>"; };
		DC9A7FCB182F868C00EB9E9F /* DKASettingsVC.m */ = {isa = PBXFileReference; fileEncoding = 4; lastKnownFileType = sourcecode.c.objc; path = DKASettingsVC.m; sourceTree = "<group>"; };
		DCE34C77183B6A4300757702 /* DKAPlaceMenuVC.h */ = {isa = PBXFileReference; fileEncoding = 4; lastKnownFileType = sourcecode.c.h; path = DKAPlaceMenuVC.h; sourceTree = "<group>"; };
		DCE34C78183B6A4300757702 /* DKAPlaceMenuVC.m */ = {isa = PBXFileReference; fileEncoding = 4; lastKnownFileType = sourcecode.c.objc; path = DKAPlaceMenuVC.m; sourceTree = "<group>"; };
		DCE34C7B183B6F1000757702 /* LFDisplayBridge.h */ = {isa = PBXFileReference; fileEncoding = 4; lastKnownFileType = sourcecode.c.h; path = LFDisplayBridge.h; sourceTree = "<group>"; };
		DCE34C7C183B6F1000757702 /* LFDisplayBridge.m */ = {isa = PBXFileReference; fileEncoding = 4; lastKnownFileType = sourcecode.c.objc; path = LFDisplayBridge.m; sourceTree = "<group>"; };
		DCE34C7D183B6F1000757702 /* LFGlassView.h */ = {isa = PBXFileReference; fileEncoding = 4; lastKnownFileType = sourcecode.c.h; path = LFGlassView.h; sourceTree = "<group>"; };
		DCE34C7E183B6F1000757702 /* LFGlassView.m */ = {isa = PBXFileReference; fileEncoding = 4; lastKnownFileType = sourcecode.c.objc; path = LFGlassView.m; sourceTree = "<group>"; };
		DCE34C7F183B6F1000757702 /* LiveFrost.h */ = {isa = PBXFileReference; fileEncoding = 4; lastKnownFileType = sourcecode.c.h; path = LiveFrost.h; sourceTree = "<group>"; };
		DCE5764B18324A0F003A5F3C /* STImageAnnotationView.h */ = {isa = PBXFileReference; fileEncoding = 4; lastKnownFileType = sourcecode.c.h; path = STImageAnnotationView.h; sourceTree = "<group>"; };
		DCE5764C18324A0F003A5F3C /* STImageAnnotationView.m */ = {isa = PBXFileReference; fileEncoding = 4; lastKnownFileType = sourcecode.c.objc; path = STImageAnnotationView.m; sourceTree = "<group>"; };
		DCE5764D18324A0F003A5F3C /* MapAnnotation.h */ = {isa = PBXFileReference; fileEncoding = 4; lastKnownFileType = sourcecode.c.h; path = MapAnnotation.h; sourceTree = "<group>"; };
		DCE5764E18324A0F003A5F3C /* MapAnnotation.m */ = {isa = PBXFileReference; fileEncoding = 4; lastKnownFileType = sourcecode.c.objc; path = MapAnnotation.m; sourceTree = "<group>"; };
		DCE896F7183B74E000F450FD /* GTCyclePageView.h */ = {isa = PBXFileReference; fileEncoding = 4; lastKnownFileType = sourcecode.c.h; path = GTCyclePageView.h; sourceTree = "<group>"; };
		DCE896F8183B74E000F450FD /* GTCyclePageView.m */ = {isa = PBXFileReference; fileEncoding = 4; lastKnownFileType = sourcecode.c.objc; path = GTCyclePageView.m; sourceTree = "<group>"; };
		DCE896F9183B74E000F450FD /* GTCyclePageViewCell.h */ = {isa = PBXFileReference; fileEncoding = 4; lastKnownFileType = sourcecode.c.h; path = GTCyclePageViewCell.h; sourceTree = "<group>"; };
		DCE896FA183B74E000F450FD /* GTCyclePageViewCell.m */ = {isa = PBXFileReference; fileEncoding = 4; lastKnownFileType = sourcecode.c.objc; path = GTCyclePageViewCell.m; sourceTree = "<group>"; };
		DCE896FD183B755500F450FD /* DKACyclePageContainerVC.h */ = {isa = PBXFileReference; fileEncoding = 4; lastKnownFileType = sourcecode.c.h; path = DKACyclePageContainerVC.h; sourceTree = "<group>"; };
		DCE896FE183B755500F450FD /* DKACyclePageContainerVC.m */ = {isa = PBXFileReference; fileEncoding = 4; lastKnownFileType = sourcecode.c.objc; path = DKACyclePageContainerVC.m; sourceTree = "<group>"; };
/* End PBXFileReference section */

/* Begin PBXFrameworksBuildPhase section */
		DC0D53F2180C1257004193E2 /* Frameworks */ = {
			isa = PBXFrameworksBuildPhase;
			buildActionMask = 2147483647;
			files = (
				DC190884183231FD00DB0D20 /* SystemConfiguration.framework in Frameworks */,
				DC190882183231E900DB0D20 /* libicucore.dylib in Frameworks */,
				DC190880183231D800DB0D20 /* libc++.dylib in Frameworks */,
				DC19087E183231CE00DB0D20 /* ImageIO.framework in Frameworks */,
				DC19087C183231C600DB0D20 /* GLKit.framework in Frameworks */,
				DC19087A183231BF00DB0D20 /* CoreText.framework in Frameworks */,
				DC190878183231B000DB0D20 /* CoreData.framework in Frameworks */,
				DC190876183231AB00DB0D20 /* AVFoundation.framework in Frameworks */,
				DC190870183230DE00DB0D20 /* OpenGLES.framework in Frameworks */,
				DC19086E1832305F00DB0D20 /* QuartzCore.framework in Frameworks */,
				DC19086C18322FE000DB0D20 /* libz.dylib in Frameworks */,
				DC19086A18322FBD00DB0D20 /* CoreVideo.framework in Frameworks */,
				DC19086818322FB800DB0D20 /* CoreImage.framework in Frameworks */,
				DC19086618322F5100DB0D20 /* MapKit.framework in Frameworks */,
				DC1908721832316800DB0D20 /* GoogleMaps.framework in Frameworks */,
				DC80042718100D570024C63C /* CoreLocation.framework in Frameworks */,
				DC0D53FB180C1257004193E2 /* CoreGraphics.framework in Frameworks */,
				DC0D53FD180C1257004193E2 /* UIKit.framework in Frameworks */,
				DC80043F181011920024C63C /* FactualSDK.framework in Frameworks */,
				DC0D53F9180C1257004193E2 /* Foundation.framework in Frameworks */,
			);
			runOnlyForDeploymentPostprocessing = 0;
		};
		DC0D5413180C1257004193E2 /* Frameworks */ = {
			isa = PBXFrameworksBuildPhase;
			buildActionMask = 2147483647;
			files = (
				DC0D5418180C1257004193E2 /* XCTest.framework in Frameworks */,
				DC0D541A180C1257004193E2 /* UIKit.framework in Frameworks */,
				DC0D5419180C1257004193E2 /* Foundation.framework in Frameworks */,
			);
			runOnlyForDeploymentPostprocessing = 0;
		};
/* End PBXFrameworksBuildPhase section */

/* Begin PBXGroup section */
		DC0D53EC180C1257004193E2 = {
			isa = PBXGroup;
			children = (
				DC0D53FE180C1257004193E2 /* LookAround.iOS7 */,
				DC0D541D180C1257004193E2 /* LookAround.iOS7Tests */,
				DC0D53F7180C1257004193E2 /* Frameworks */,
				DC0D53F6180C1257004193E2 /* Products */,
			);
			sourceTree = "<group>";
		};
		DC0D53F6180C1257004193E2 /* Products */ = {
			isa = PBXGroup;
			children = (
				DC0D53F5180C1257004193E2 /* LookAround.iOS7.app */,
				DC0D5416180C1257004193E2 /* LookAround.iOS7Tests.xctest */,
			);
			name = Products;
			sourceTree = "<group>";
		};
		DC0D53F7180C1257004193E2 /* Frameworks */ = {
			isa = PBXGroup;
			children = (
				DC190883183231FD00DB0D20 /* SystemConfiguration.framework */,
				DC190881183231E900DB0D20 /* libicucore.dylib */,
				DC19087F183231D800DB0D20 /* libc++.dylib */,
				DC19087D183231CE00DB0D20 /* ImageIO.framework */,
				DC19087B183231C600DB0D20 /* GLKit.framework */,
				DC190879183231BF00DB0D20 /* CoreText.framework */,
				DC190877183231B000DB0D20 /* CoreData.framework */,
				DC190875183231AB00DB0D20 /* AVFoundation.framework */,
				DC1908731832319100DB0D20 /* GoogleMaps.bundle */,
				DC1908711832316800DB0D20 /* GoogleMaps.framework */,
				DC19086F183230DE00DB0D20 /* OpenGLES.framework */,
				DC19086D1832305F00DB0D20 /* QuartzCore.framework */,
				DC19086B18322FE000DB0D20 /* libz.dylib */,
				DC19086918322FBD00DB0D20 /* CoreVideo.framework */,
				DC19086718322FB800DB0D20 /* CoreImage.framework */,
				DC19086518322F5100DB0D20 /* MapKit.framework */,
				DC80043E181011920024C63C /* FactualSDK.framework */,
				DC80042618100D570024C63C /* CoreLocation.framework */,
				DC0D53F8180C1257004193E2 /* Foundation.framework */,
				DC0D53FA180C1257004193E2 /* CoreGraphics.framework */,
				DC0D53FC180C1257004193E2 /* UIKit.framework */,
				DC0D5417180C1257004193E2 /* XCTest.framework */,
			);
			name = Frameworks;
			sourceTree = "<group>";
		};
		DC0D53FE180C1257004193E2 /* LookAround.iOS7 */ = {
			isa = PBXGroup;
			children = (
				DC1D83F51832077900D22307 /* Place */,
				DC9A7FC9182F867400EB9E9F /* Settings */,
				DC9A7FC8182F57FF00EB9E9F /* Model */,
				DC9A7FC4182F577C00EB9E9F /* History */,
				DC9A7FBD182E338100EB9E9F /* Search */,
				DC0D5437180D7049004193E2 /* Helpers */,
				DC0D5436180D703C004193E2 /* Locations */,
				DC0D5407180C1257004193E2 /* DKAAppDelegate.h */,
				DC0D5408180C1257004193E2 /* DKAAppDelegate.m */,
				DC0D540A180C1257004193E2 /* Main.storyboard */,
				DC0D5410180C1257004193E2 /* Images.xcassets */,
				DC0D53FF180C1257004193E2 /* Supporting Files */,
			);
			path = LookAround.iOS7;
			sourceTree = "<group>";
		};
		DC0D53FF180C1257004193E2 /* Supporting Files */ = {
			isa = PBXGroup;
			children = (
				DC0D5400180C1257004193E2 /* LookAround.iOS7-Info.plist */,
				DC0D5401180C1257004193E2 /* InfoPlist.strings */,
				DC0D5404180C1257004193E2 /* main.m */,
				DC0D5406180C1257004193E2 /* LookAround.iOS7-Prefix.pch */,
			);
			name = "Supporting Files";
			sourceTree = "<group>";
		};
		DC0D541D180C1257004193E2 /* LookAround.iOS7Tests */ = {
			isa = PBXGroup;
			children = (
				DC0D5423180C1257004193E2 /* LookAround_iOS7Tests.m */,
				DC0D541E180C1257004193E2 /* Supporting Files */,
			);
			path = LookAround.iOS7Tests;
			sourceTree = "<group>";
		};
		DC0D541E180C1257004193E2 /* Supporting Files */ = {
			isa = PBXGroup;
			children = (
				DC0D541F180C1257004193E2 /* LookAround.iOS7Tests-Info.plist */,
				DC0D5420180C1257004193E2 /* InfoPlist.strings */,
			);
			name = "Supporting Files";
			sourceTree = "<group>";
		};
		DC0D5436180D703C004193E2 /* Locations */ = {
			isa = PBXGroup;
			children = (
				DC0D5430180D5C5C004193E2 /* DKALocationListVC.h */,
				DC0D5431180D5C5C004193E2 /* DKALocationListVC.m */,
				DC0D5432180D5C5C004193E2 /* DKASpringyCollectionViewFlowLayout.h */,
				DC0D5433180D5C5C004193E2 /* DKASpringyCollectionViewFlowLayout.m */,
				DC8E449D1815502E00B7B71A /* DKANavVC.h */,
				DC8E449E1815502E00B7B71A /* DKANavVC.m */,
			);
			name = Locations;
			sourceTree = "<group>";
		};
		DC0D5437180D7049004193E2 /* Helpers */ = {
			isa = PBXGroup;
			children = (
				DCE896F6183B74E000F450FD /* Class */,
				DCE34C7A183B6F1000757702 /* LiveFrost */,
				DCE5764B18324A0F003A5F3C /* STImageAnnotationView.h */,
				DCE5764C18324A0F003A5F3C /* STImageAnnotationView.m */,
				DCE5764D18324A0F003A5F3C /* MapAnnotation.h */,
				DCE5764E18324A0F003A5F3C /* MapAnnotation.m */,
				DC39CBF0182F948C00EFD523 /* MRProgress */,
				DC9A7FC1182E6C6A00EB9E9F /* NSDate-Utilities.h */,
				DC9A7FC2182E6C6A00EB9E9F /* NSDate-Utilities.m */,
				DC8004431810FABD0024C63C /* Defines.h */,
				DC8004401810122C0024C63C /* NSString(Escaping).h */,
				DC8004411810122C0024C63C /* NSString(Escaping).m */,
				DC0D543A180D70E9004193E2 /* DKAHelper.h */,
				DC0D543B180D70E9004193E2 /* DKAHelper.m */,
				DC800421180FFEC30024C63C /* DKAFactualHelper.h */,
				DC800422180FFEC30024C63C /* DKAFactualHelper.m */,
			);
			name = Helpers;
			sourceTree = "<group>";
		};
		DC1D83F51832077900D22307 /* Place */ = {
			isa = PBXGroup;
			children = (
				DC19086218322F3900DB0D20 /* StreetViewVCViewController.h */,
				DC19086318322F3900DB0D20 /* StreetViewVCViewController.m */,
				DC1D83F61832079500D22307 /* DKAPlaceVC.h */,
				DC1D83F71832079500D22307 /* DKAPlaceVC.m */,
				DCE34C77183B6A4300757702 /* DKAPlaceMenuVC.h */,
				DCE34C78183B6A4300757702 /* DKAPlaceMenuVC.m */,
				DCE896FD183B755500F450FD /* DKACyclePageContainerVC.h */,
				DCE896FE183B755500F450FD /* DKACyclePageContainerVC.m */,
			);
			name = Place;
			sourceTree = "<group>";
		};
		DC39CBF0182F948C00EFD523 /* MRProgress */ = {
			isa = PBXGroup;
			children = (
				DC39CBF1182F94A100EFD523 /* Blur */,
				DC39CBF6182F94A100EFD523 /* Components */,
				DC39CC01182F94A100EFD523 /* MRProgress.h */,
				DC39CC02182F94A100EFD523 /* Utils */,
			);
			name = MRProgress;
			sourceTree = "<group>";
		};
		DC39CBF1182F94A100EFD523 /* Blur */ = {
			isa = PBXGroup;
			children = (
				DC39CBF2182F94A100EFD523 /* MRBlurView.h */,
				DC39CBF3182F94A100EFD523 /* MRBlurView.m */,
				DC39CBF4182F94A100EFD523 /* UIImage+MRImageEffects.h */,
				DC39CBF5182F94A100EFD523 /* UIImage+MRImageEffects.m */,
			);
			path = Blur;
			sourceTree = "<group>";
		};
		DC39CBF6182F94A100EFD523 /* Components */ = {
			isa = PBXGroup;
			children = (
				DC39CBF7182F94A100EFD523 /* MRActivityIndicatorView.h */,
				DC39CBF8182F94A100EFD523 /* MRActivityIndicatorView.m */,
				DC39CBF9182F94A100EFD523 /* MRCircularProgressView.h */,
				DC39CBFA182F94A100EFD523 /* MRCircularProgressView.m */,
				DC39CBFB182F94A100EFD523 /* MRIconView.h */,
				DC39CBFC182F94A100EFD523 /* MRIconView.m */,
				DC39CBFD182F94A100EFD523 /* MRNavigationBarProgressView.h */,
				DC39CBFE182F94A100EFD523 /* MRNavigationBarProgressView.m */,
				DC39CBFF182F94A100EFD523 /* MRProgressOverlayView.h */,
				DC39CC00182F94A100EFD523 /* MRProgressOverlayView.m */,
			);
			path = Components;
			sourceTree = "<group>";
		};
		DC39CC02182F94A100EFD523 /* Utils */ = {
			isa = PBXGroup;
			children = (
				DC39CC03182F94A100EFD523 /* MRMessageInterceptor.h */,
				DC39CC04182F94A100EFD523 /* MRMessageInterceptor.m */,
				DC39CC05182F94A100EFD523 /* MRProgressHelper.h */,
				DC39CC06182F94A100EFD523 /* MRWeakProxy.h */,
				DC39CC07182F94A100EFD523 /* MRWeakProxy.m */,
			);
			path = Utils;
			sourceTree = "<group>";
		};
		DC9A7FBD182E338100EB9E9F /* Search */ = {
			isa = PBXGroup;
			children = (
				DC9A7FBE182E33A800EB9E9F /* DKASearchVC.h */,
				DC9A7FBF182E33A800EB9E9F /* DKASearchVC.m */,
			);
			name = Search;
			sourceTree = "<group>";
		};
		DC9A7FC4182F577C00EB9E9F /* History */ = {
			isa = PBXGroup;
			children = (
				DC9A7FC5182F579500EB9E9F /* DKAHistoryVC.h */,
				DC9A7FC6182F579500EB9E9F /* DKAHistoryVC.m */,
			);
			name = History;
			sourceTree = "<group>";
		};
		DC9A7FC8182F57FF00EB9E9F /* Model */ = {
			isa = PBXGroup;
			children = (
			);
			name = Model;
			sourceTree = "<group>";
		};
		DC9A7FC9182F867400EB9E9F /* Settings */ = {
			isa = PBXGroup;
			children = (
				DC9A7FCA182F868C00EB9E9F /* DKASettingsVC.h */,
				DC9A7FCB182F868C00EB9E9F /* DKASettingsVC.m */,
			);
			name = Settings;
			sourceTree = "<group>";
		};
		DCE34C7A183B6F1000757702 /* LiveFrost */ = {
			isa = PBXGroup;
			children = (
				DCE34C7B183B6F1000757702 /* LFDisplayBridge.h */,
				DCE34C7C183B6F1000757702 /* LFDisplayBridge.m */,
				DCE34C7D183B6F1000757702 /* LFGlassView.h */,
				DCE34C7E183B6F1000757702 /* LFGlassView.m */,
				DCE34C7F183B6F1000757702 /* LiveFrost.h */,
			);
			path = LiveFrost;
			sourceTree = "<group>";
		};
		DCE896F6183B74E000F450FD /* Class */ = {
			isa = PBXGroup;
			children = (
				DCE896F7183B74E000F450FD /* GTCyclePageView.h */,
				DCE896F8183B74E000F450FD /* GTCyclePageView.m */,
				DCE896F9183B74E000F450FD /* GTCyclePageViewCell.h */,
				DCE896FA183B74E000F450FD /* GTCyclePageViewCell.m */,
			);
			path = Class;
			sourceTree = "<group>";
		};
/* End PBXGroup section */

/* Begin PBXNativeTarget section */
		DC0D53F4180C1257004193E2 /* LookAround.iOS7 */ = {
			isa = PBXNativeTarget;
			buildConfigurationList = DC0D5427180C1257004193E2 /* Build configuration list for PBXNativeTarget "LookAround.iOS7" */;
			buildPhases = (
				DC0D53F1180C1257004193E2 /* Sources */,
				DC0D53F2180C1257004193E2 /* Frameworks */,
				DC0D53F3180C1257004193E2 /* Resources */,
			);
			buildRules = (
			);
			dependencies = (
			);
			name = LookAround.iOS7;
			productName = LookAround.iOS7;
			productReference = DC0D53F5180C1257004193E2 /* LookAround.iOS7.app */;
			productType = "com.apple.product-type.application";
		};
		DC0D5415180C1257004193E2 /* LookAround.iOS7Tests */ = {
			isa = PBXNativeTarget;
			buildConfigurationList = DC0D542A180C1257004193E2 /* Build configuration list for PBXNativeTarget "LookAround.iOS7Tests" */;
			buildPhases = (
				DC0D5412180C1257004193E2 /* Sources */,
				DC0D5413180C1257004193E2 /* Frameworks */,
				DC0D5414180C1257004193E2 /* Resources */,
			);
			buildRules = (
			);
			dependencies = (
				DC0D541C180C1257004193E2 /* PBXTargetDependency */,
			);
			name = LookAround.iOS7Tests;
			productName = LookAround.iOS7Tests;
			productReference = DC0D5416180C1257004193E2 /* LookAround.iOS7Tests.xctest */;
			productType = "com.apple.product-type.bundle.unit-test";
		};
/* End PBXNativeTarget section */

/* Begin PBXProject section */
		DC0D53ED180C1257004193E2 /* Project object */ = {
			isa = PBXProject;
			attributes = {
				CLASSPREFIX = DKA;
				LastUpgradeCheck = 0500;
				ORGANIZATIONNAME = "Sergey Dikarev";
				TargetAttributes = {
					DC0D5415180C1257004193E2 = {
						TestTargetID = DC0D53F4180C1257004193E2;
					};
				};
			};
			buildConfigurationList = DC0D53F0180C1257004193E2 /* Build configuration list for PBXProject "LookAround.iOS7" */;
			compatibilityVersion = "Xcode 3.2";
			developmentRegion = English;
			hasScannedForEncodings = 0;
			knownRegions = (
				en,
				Base,
			);
			mainGroup = DC0D53EC180C1257004193E2;
			productRefGroup = DC0D53F6180C1257004193E2 /* Products */;
			projectDirPath = "";
			projectRoot = "";
			targets = (
				DC0D53F4180C1257004193E2 /* LookAround.iOS7 */,
				DC0D5415180C1257004193E2 /* LookAround.iOS7Tests */,
			);
		};
/* End PBXProject section */

/* Begin PBXResourcesBuildPhase section */
		DC0D53F3180C1257004193E2 /* Resources */ = {
			isa = PBXResourcesBuildPhase;
			buildActionMask = 2147483647;
			files = (
				DC0D5411180C1257004193E2 /* Images.xcassets in Resources */,
				DC0D5403180C1257004193E2 /* InfoPlist.strings in Resources */,
				DC0D540C180C1257004193E2 /* Main.storyboard in Resources */,
				DC1908741832319200DB0D20 /* GoogleMaps.bundle in Resources */,
			);
			runOnlyForDeploymentPostprocessing = 0;
		};
		DC0D5414180C1257004193E2 /* Resources */ = {
			isa = PBXResourcesBuildPhase;
			buildActionMask = 2147483647;
			files = (
				DC0D5422180C1257004193E2 /* InfoPlist.strings in Resources */,
			);
			runOnlyForDeploymentPostprocessing = 0;
		};
/* End PBXResourcesBuildPhase section */

/* Begin PBXSourcesBuildPhase section */
		DC0D53F1180C1257004193E2 /* Sources */ = {
			isa = PBXSourcesBuildPhase;
			buildActionMask = 2147483647;
			files = (
				DC39CC0A182F94A100EFD523 /* MRActivityIndicatorView.m in Sources */,
				DCE34C80183B6F1000757702 /* LFDisplayBridge.m in Sources */,
				DC0D5435180D5C5C004193E2 /* DKASpringyCollectionViewFlowLayout.m in Sources */,
				DC8004421810122C0024C63C /* NSString(Escaping).m in Sources */,
				DC800423180FFEC30024C63C /* DKAFactualHelper.m in Sources */,
				DC9A7FC7182F579500EB9E9F /* DKAHistoryVC.m in Sources */,
				DC9A7FCC182F868C00EB9E9F /* DKASettingsVC.m in Sources */,
				DC8E449F1815502E00B7B71A /* DKANavVC.m in Sources */,
				DC39CC0B182F94A100EFD523 /* MRCircularProgressView.m in Sources */,
				DC39CC08182F94A100EFD523 /* MRBlurView.m in Sources */,
				DC0D5405180C1257004193E2 /* main.m in Sources */,
				DCE34C79183B6A4300757702 /* DKAPlaceMenuVC.m in Sources */,
				DC19086418322F3900DB0D20 /* StreetViewVCViewController.m in Sources */,
				DC39CC0D182F94A100EFD523 /* MRNavigationBarProgressView.m in Sources */,
				DC39CC10182F94A100EFD523 /* MRWeakProxy.m in Sources */,
				DCE896FC183B74E000F450FD /* GTCyclePageViewCell.m in Sources */,
				DC39CC0E182F94A100EFD523 /* MRProgressOverlayView.m in Sources */,
				DC39CC0F182F94A100EFD523 /* MRMessageInterceptor.m in Sources */,
				DCE896FB183B74E000F450FD /* GTCyclePageView.m in Sources */,
				DC39CC0C182F94A100EFD523 /* MRIconView.m in Sources */,
				DCE896FF183B755500F450FD /* DKACyclePageContainerVC.m in Sources */,
				DC9A7FC0182E33A800EB9E9F /* DKASearchVC.m in Sources */,
				DC0D543C180D70E9004193E2 /* DKAHelper.m in Sources */,
				DCE5764F18324A0F003A5F3C /* STImageAnnotationView.m in Sources */,
				DC9A7FC3182E6C6A00EB9E9F /* NSDate-Utilities.m in Sources */,
				DC39CC09182F94A100EFD523 /* UIImage+MRImageEffects.m in Sources */,
				DCE34C81183B6F1000757702 /* LFGlassView.m in Sources */,
				DC0D5409180C1257004193E2 /* DKAAppDelegate.m in Sources */,
				DC0D5434180D5C5C004193E2 /* DKALocationListVC.m in Sources */,
				DC1D83F81832079500D22307 /* DKAPlaceVC.m in Sources */,
				DCE5765018324A0F003A5F3C /* MapAnnotation.m in Sources */,
			);
			runOnlyForDeploymentPostprocessing = 0;
		};
		DC0D5412180C1257004193E2 /* Sources */ = {
			isa = PBXSourcesBuildPhase;
			buildActionMask = 2147483647;
			files = (
				DC0D5424180C1257004193E2 /* LookAround_iOS7Tests.m in Sources */,
			);
			runOnlyForDeploymentPostprocessing = 0;
		};
/* End PBXSourcesBuildPhase section */

/* Begin PBXTargetDependency section */
		DC0D541C180C1257004193E2 /* PBXTargetDependency */ = {
			isa = PBXTargetDependency;
			target = DC0D53F4180C1257004193E2 /* LookAround.iOS7 */;
			targetProxy = DC0D541B180C1257004193E2 /* PBXContainerItemProxy */;
		};
/* End PBXTargetDependency section */

/* Begin PBXVariantGroup section */
		DC0D5401180C1257004193E2 /* InfoPlist.strings */ = {
			isa = PBXVariantGroup;
			children = (
				DC0D5402180C1257004193E2 /* en */,
			);
			name = InfoPlist.strings;
			sourceTree = "<group>";
		};
		DC0D540A180C1257004193E2 /* Main.storyboard */ = {
			isa = PBXVariantGroup;
			children = (
				DC0D540B180C1257004193E2 /* Base */,
			);
			name = Main.storyboard;
			sourceTree = "<group>";
		};
		DC0D5420180C1257004193E2 /* InfoPlist.strings */ = {
			isa = PBXVariantGroup;
			children = (
				DC0D5421180C1257004193E2 /* en */,
			);
			name = InfoPlist.strings;
			sourceTree = "<group>";
		};
/* End PBXVariantGroup section */

/* Begin XCBuildConfiguration section */
		DC0D5425180C1257004193E2 /* Debug */ = {
			isa = XCBuildConfiguration;
			buildSettings = {
				ALWAYS_SEARCH_USER_PATHS = NO;
				ARCHS = "$(ARCHS_STANDARD_INCLUDING_64_BIT)";
				CLANG_CXX_LANGUAGE_STANDARD = "gnu++0x";
				CLANG_CXX_LIBRARY = "libc++";
				CLANG_ENABLE_MODULES = YES;
				CLANG_ENABLE_OBJC_ARC = YES;
				CLANG_WARN_BOOL_CONVERSION = YES;
				CLANG_WARN_CONSTANT_CONVERSION = YES;
				CLANG_WARN_DIRECT_OBJC_ISA_USAGE = YES_ERROR;
				CLANG_WARN_EMPTY_BODY = YES;
				CLANG_WARN_ENUM_CONVERSION = YES;
				CLANG_WARN_INT_CONVERSION = YES;
				CLANG_WARN_OBJC_ROOT_CLASS = YES_ERROR;
				CLANG_WARN__DUPLICATE_METHOD_MATCH = YES;
				"CODE_SIGN_IDENTITY[sdk=iphoneos*]" = "iPhone Developer";
				COPY_PHASE_STRIP = NO;
				GCC_C_LANGUAGE_STANDARD = gnu99;
				GCC_DYNAMIC_NO_PIC = NO;
				GCC_OPTIMIZATION_LEVEL = 0;
				GCC_PREPROCESSOR_DEFINITIONS = (
					"DEBUG=1",
					"$(inherited)",
				);
				GCC_SYMBOLS_PRIVATE_EXTERN = NO;
				GCC_WARN_64_TO_32_BIT_CONVERSION = YES;
				GCC_WARN_ABOUT_RETURN_TYPE = YES_ERROR;
				GCC_WARN_UNDECLARED_SELECTOR = YES;
				GCC_WARN_UNINITIALIZED_AUTOS = YES;
				GCC_WARN_UNUSED_FUNCTION = YES;
				GCC_WARN_UNUSED_VARIABLE = YES;
				IPHONEOS_DEPLOYMENT_TARGET = 7.0;
				ONLY_ACTIVE_ARCH = YES;
				SDKROOT = iphoneos;
			};
			name = Debug;
		};
		DC0D5426180C1257004193E2 /* Release */ = {
			isa = XCBuildConfiguration;
			buildSettings = {
				ALWAYS_SEARCH_USER_PATHS = NO;
				ARCHS = "$(ARCHS_STANDARD_INCLUDING_64_BIT)";
				CLANG_CXX_LANGUAGE_STANDARD = "gnu++0x";
				CLANG_CXX_LIBRARY = "libc++";
				CLANG_ENABLE_MODULES = YES;
				CLANG_ENABLE_OBJC_ARC = YES;
				CLANG_WARN_BOOL_CONVERSION = YES;
				CLANG_WARN_CONSTANT_CONVERSION = YES;
				CLANG_WARN_DIRECT_OBJC_ISA_USAGE = YES_ERROR;
				CLANG_WARN_EMPTY_BODY = YES;
				CLANG_WARN_ENUM_CONVERSION = YES;
				CLANG_WARN_INT_CONVERSION = YES;
				CLANG_WARN_OBJC_ROOT_CLASS = YES_ERROR;
				CLANG_WARN__DUPLICATE_METHOD_MATCH = YES;
				"CODE_SIGN_IDENTITY[sdk=iphoneos*]" = "iPhone Developer";
				COPY_PHASE_STRIP = YES;
				ENABLE_NS_ASSERTIONS = NO;
				GCC_C_LANGUAGE_STANDARD = gnu99;
				GCC_WARN_64_TO_32_BIT_CONVERSION = YES;
				GCC_WARN_ABOUT_RETURN_TYPE = YES_ERROR;
				GCC_WARN_UNDECLARED_SELECTOR = YES;
				GCC_WARN_UNINITIALIZED_AUTOS = YES;
				GCC_WARN_UNUSED_FUNCTION = YES;
				GCC_WARN_UNUSED_VARIABLE = YES;
				IPHONEOS_DEPLOYMENT_TARGET = 7.0;
				SDKROOT = iphoneos;
				VALIDATE_PRODUCT = YES;
			};
			name = Release;
		};
		DC0D5428180C1257004193E2 /* Debug */ = {
			isa = XCBuildConfiguration;
			buildSettings = {
				ARCHS = "$(ARCHS_STANDARD)";
				ASSETCATALOG_COMPILER_APPICON_NAME = AppIcon;
				ASSETCATALOG_COMPILER_LAUNCHIMAGE_NAME = LaunchImage;
				CODE_SIGN_IDENTITY = "iPhone Developer";
				FRAMEWORK_SEARCH_PATHS = (
					"$(inherited)",
					"/Users/sdikarev/Dropbox/Incoding/Apple\\ coding/DKAFactualPlaces",
					"/Users/sdikarev/Dropbox/Incoding/Apple\\ coding/LookAround.iOS7",
				);
				GCC_PRECOMPILE_PREFIX_HEADER = YES;
				GCC_PREFIX_HEADER = "LookAround.iOS7/LookAround.iOS7-Prefix.pch";
				INFOPLIST_FILE = "LookAround.iOS7/LookAround.iOS7-Info.plist";
				ONLY_ACTIVE_ARCH = NO;
				OTHER_LDFLAGS = "-ObjC";
				PRODUCT_NAME = "$(TARGET_NAME)";
				VALID_ARCHS = armv7;
				WRAPPER_EXTENSION = app;
			};
			name = Debug;
		};
		DC0D5429180C1257004193E2 /* Release */ = {
			isa = XCBuildConfiguration;
			buildSettings = {
				ARCHS = "$(ARCHS_STANDARD)";
				ASSETCATALOG_COMPILER_APPICON_NAME = AppIcon;
				ASSETCATALOG_COMPILER_LAUNCHIMAGE_NAME = LaunchImage;
				CODE_SIGN_IDENTITY = "iPhone Developer";
				FRAMEWORK_SEARCH_PATHS = (
					"$(inherited)",
					"/Users/sdikarev/Dropbox/Incoding/Apple\\ coding/DKAFactualPlaces",
					"/Users/sdikarev/Dropbox/Incoding/Apple\\ coding/LookAround.iOS7",
				);
				GCC_PRECOMPILE_PREFIX_HEADER = YES;
				GCC_PREFIX_HEADER = "LookAround.iOS7/LookAround.iOS7-Prefix.pch";
				INFOPLIST_FILE = "LookAround.iOS7/LookAround.iOS7-Info.plist";
				ONLY_ACTIVE_ARCH = NO;
				OTHER_LDFLAGS = "-ObjC";
				PRODUCT_NAME = "$(TARGET_NAME)";
				VALID_ARCHS = armv7;
				WRAPPER_EXTENSION = app;
			};
			name = Release;
		};
		DC0D542B180C1257004193E2 /* Debug */ = {
			isa = XCBuildConfiguration;
			buildSettings = {
				ARCHS = "$(ARCHS_STANDARD_INCLUDING_64_BIT)";
				BUNDLE_LOADER = "$(BUILT_PRODUCTS_DIR)/LookAround.iOS7.app/LookAround.iOS7";
				FRAMEWORK_SEARCH_PATHS = (
					"$(SDKROOT)/Developer/Library/Frameworks",
					"$(inherited)",
					"$(DEVELOPER_FRAMEWORKS_DIR)",
				);
				GCC_PRECOMPILE_PREFIX_HEADER = YES;
				GCC_PREFIX_HEADER = "LookAround.iOS7/LookAround.iOS7-Prefix.pch";
				GCC_PREPROCESSOR_DEFINITIONS = (
					"DEBUG=1",
					"$(inherited)",
				);
				INFOPLIST_FILE = "LookAround.iOS7Tests/LookAround.iOS7Tests-Info.plist";
				PRODUCT_NAME = "$(TARGET_NAME)";
				TEST_HOST = "$(BUNDLE_LOADER)";
				WRAPPER_EXTENSION = xctest;
			};
			name = Debug;
		};
		DC0D542C180C1257004193E2 /* Release */ = {
			isa = XCBuildConfiguration;
			buildSettings = {
				ARCHS = "$(ARCHS_STANDARD_INCLUDING_64_BIT)";
				BUNDLE_LOADER = "$(BUILT_PRODUCTS_DIR)/LookAround.iOS7.app/LookAround.iOS7";
				FRAMEWORK_SEARCH_PATHS = (
					"$(SDKROOT)/Developer/Library/Frameworks",
					"$(inherited)",
					"$(DEVELOPER_FRAMEWORKS_DIR)",
				);
				GCC_PRECOMPILE_PREFIX_HEADER = YES;
				GCC_PREFIX_HEADER = "LookAround.iOS7/LookAround.iOS7-Prefix.pch";
				INFOPLIST_FILE = "LookAround.iOS7Tests/LookAround.iOS7Tests-Info.plist";
				PRODUCT_NAME = "$(TARGET_NAME)";
				TEST_HOST = "$(BUNDLE_LOADER)";
				WRAPPER_EXTENSION = xctest;
			};
			name = Release;
		};
/* End XCBuildConfiguration section */

/* Begin XCConfigurationList section */
		DC0D53F0180C1257004193E2 /* Build configuration list for PBXProject "LookAround.iOS7" */ = {
			isa = XCConfigurationList;
			buildConfigurations = (
				DC0D5425180C1257004193E2 /* Debug */,
				DC0D5426180C1257004193E2 /* Release */,
			);
			defaultConfigurationIsVisible = 0;
			defaultConfigurationName = Release;
		};
		DC0D5427180C1257004193E2 /* Build configuration list for PBXNativeTarget "LookAround.iOS7" */ = {
			isa = XCConfigurationList;
			buildConfigurations = (
				DC0D5428180C1257004193E2 /* Debug */,
				DC0D5429180C1257004193E2 /* Release */,
			);
			defaultConfigurationIsVisible = 0;
			defaultConfigurationName = Release;
		};
		DC0D542A180C1257004193E2 /* Build configuration list for PBXNativeTarget "LookAround.iOS7Tests" */ = {
			isa = XCConfigurationList;
			buildConfigurations = (
				DC0D542B180C1257004193E2 /* Debug */,
				DC0D542C180C1257004193E2 /* Release */,
			);
			defaultConfigurationIsVisible = 0;
			defaultConfigurationName = Release;
		};
/* End XCConfigurationList section */
	};
	rootObject = DC0D53ED180C1257004193E2 /* Project object */;
}
